// !$*UTF8*$!
{
	archiveVersion = 1;
	classes = {
	};
	objectVersion = 50;
	objects = {

/* Begin PBXBuildFile section */
		340E9F992975378600C1D440 /* TestProjectSignal.m in Sources */ = {isa = PBXBuildFile; fileRef = 340E9F982975378600C1D440 /* TestProjectSignal.m */; };
		3445299C2831E701003EFFA1 /* TestProjectDispatchSource.m in Sources */ = {isa = PBXBuildFile; fileRef = 3445299B2831E701003EFFA1 /* TestProjectDispatchSource.m */; };
		3447EDF7280E8EBC001AE2F0 /* AppDelegate.m in Sources */ = {isa = PBXBuildFile; fileRef = 3447EDF6280E8EBC001AE2F0 /* AppDelegate.m */; };
		3447EDFA280E8EBC001AE2F0 /* SceneDelegate.m in Sources */ = {isa = PBXBuildFile; fileRef = 3447EDF9280E8EBC001AE2F0 /* SceneDelegate.m */; };
		3447EDFD280E8EBC001AE2F0 /* ViewController.m in Sources */ = {isa = PBXBuildFile; fileRef = 3447EDFC280E8EBC001AE2F0 /* ViewController.m */; };
		3447EE00280E8EBC001AE2F0 /* Main.storyboard in Resources */ = {isa = PBXBuildFile; fileRef = 3447EDFE280E8EBC001AE2F0 /* Main.storyboard */; };
		3447EE02280E8EBD001AE2F0 /* Assets.xcassets in Resources */ = {isa = PBXBuildFile; fileRef = 3447EE01280E8EBD001AE2F0 /* Assets.xcassets */; };
		3447EE05280E8EBD001AE2F0 /* LaunchScreen.storyboard in Resources */ = {isa = PBXBuildFile; fileRef = 3447EE03280E8EBD001AE2F0 /* LaunchScreen.storyboard */; };
		3447EE08280E8EBD001AE2F0 /* main.m in Sources */ = {isa = PBXBuildFile; fileRef = 3447EE07280E8EBD001AE2F0 /* main.m */; };
		345BA75828BF46CD00ED6C5C /* TestProjectDModel.m in Sources */ = {isa = PBXBuildFile; fileRef = 345BA75728BF46CD00ED6C5C /* TestProjectDModel.m */; };
		345D97ED2824F43E002D0A83 /* TestProjectDispatchData.m in Sources */ = {isa = PBXBuildFile; fileRef = 345D97E62824F43E002D0A83 /* TestProjectDispatchData.m */; };
		345D97EE2824F43E002D0A83 /* TestProjectDispatchQueue.m in Sources */ = {isa = PBXBuildFile; fileRef = 345D97E72824F43E002D0A83 /* TestProjectDispatchQueue.m */; };
		345D97EF2824F43E002D0A83 /* TestProjectDispatchObject.m in Sources */ = {isa = PBXBuildFile; fileRef = 345D97E82824F43E002D0A83 /* TestProjectDispatchObject.m */; };
		345D97F02824F43E002D0A83 /* TestProjectDispatchGroup.m in Sources */ = {isa = PBXBuildFile; fileRef = 345D97E92824F43E002D0A83 /* TestProjectDispatchGroup.m */; };
		345D97F12824F43E002D0A83 /* TestProjectDispatchIO.m in Sources */ = {isa = PBXBuildFile; fileRef = 345D97EA2824F43E002D0A83 /* TestProjectDispatchIO.m */; };
		345D97F22824F43E002D0A83 /* TestProjectDispatchBlock.m in Sources */ = {isa = PBXBuildFile; fileRef = 345D97EB2824F43E002D0A83 /* TestProjectDispatchBlock.m */; };
		345D97F728250609002D0A83 /* TestProjectDispatchOnce.m in Sources */ = {isa = PBXBuildFile; fileRef = 345D97F628250609002D0A83 /* TestProjectDispatchOnce.m */; };
		345EC4BE286548D100F61F2E /* TestProjectCustomModel.m in Sources */ = {isa = PBXBuildFile; fileRef = 345EC4BD286548D100F61F2E /* TestProjectCustomModel.m */; };
		347338DC28BDB85600B921EC /* TestProjectAModel.m in Sources */ = {isa = PBXBuildFile; fileRef = 347338DB28BDB85600B921EC /* TestProjectAModel.m */; };
		347338DF28BDB86700B921EC /* TestProjectBModel.m in Sources */ = {isa = PBXBuildFile; fileRef = 347338DE28BDB86700B921EC /* TestProjectBModel.m */; };
		347338E228BDB87E00B921EC /* TestProjectCModel.m in Sources */ = {isa = PBXBuildFile; fileRef = 347338E128BDB87E00B921EC /* TestProjectCModel.m */; };
		3493CF0329767261008B7CA7 /* TestProjectString.m in Sources */ = {isa = PBXBuildFile; fileRef = 3493CF0229767261008B7CA7 /* TestProjectString.m */; };
		34947538282E396A00D4A567 /* TestProjectDispatchSemaphore.m in Sources */ = {isa = PBXBuildFile; fileRef = 34947537282E396A00D4A567 /* TestProjectDispatchSemaphore.m */; };
		34BB4A6E28D2BF1E00E79698 /* NSObject+TestProject.m in Sources */ = {isa = PBXBuildFile; fileRef = 34BB4A6D28D2BF1E00E79698 /* NSObject+TestProject.m */; };
		34BE0C92283F0FA80003317D /* TestProjectMath.m in Sources */ = {isa = PBXBuildFile; fileRef = 34BE0C91283F0FA80003317D /* TestProjectMath.m */; };
		34D77A3D28C19FA100A0CE9F /* TestProjectYModel.m in Sources */ = {isa = PBXBuildFile; fileRef = 34D77A3C28C19FA100A0CE9F /* TestProjectYModel.m */; };
		34D77A4028C19FBB00A0CE9F /* TestProjectXModel.m in Sources */ = {isa = PBXBuildFile; fileRef = 34D77A3F28C19FBB00A0CE9F /* TestProjectXModel.m */; };
		34D77A4328C19FD100A0CE9F /* TestProjectZModel.m in Sources */ = {isa = PBXBuildFile; fileRef = 34D77A4228C19FD100A0CE9F /* TestProjectZModel.m */; };
		34D77A4628C1A1FF00A0CE9F /* TestProjectUModel.m in Sources */ = {isa = PBXBuildFile; fileRef = 34D77A4528C1A1FF00A0CE9F /* TestProjectUModel.m */; };
		34DDB787296C0FA3009D56B8 /* TestProjectPThread.m in Sources */ = {isa = PBXBuildFile; fileRef = 34DDB786296C0FA3009D56B8 /* TestProjectPThread.m */; };
		34EC4DD128532604000AEF1E /* TestProjectObjc.m in Sources */ = {isa = PBXBuildFile; fileRef = 34EC4DD028532604000AEF1E /* TestProjectObjc.m */; };
		34EF82AF28571B3B0046F4C3 /* TestProjectModel.m in Sources */ = {isa = PBXBuildFile; fileRef = 34EF82AE28571B3B0046F4C3 /* TestProjectModel.m */; };
/* End PBXBuildFile section */

/* Begin PBXFileReference section */
		340E9F972975378600C1D440 /* TestProjectSignal.h */ = {isa = PBXFileReference; lastKnownFileType = sourcecode.c.h; path = TestProjectSignal.h; sourceTree = "<group>"; };
		340E9F982975378600C1D440 /* TestProjectSignal.m */ = {isa = PBXFileReference; lastKnownFileType = sourcecode.c.objc; path = TestProjectSignal.m; sourceTree = "<group>"; };
		3445299A2831E701003EFFA1 /* TestProjectDispatchSource.h */ = {isa = PBXFileReference; lastKnownFileType = sourcecode.c.h; path = TestProjectDispatchSource.h; sourceTree = "<group>"; };
		3445299B2831E701003EFFA1 /* TestProjectDispatchSource.m */ = {isa = PBXFileReference; lastKnownFileType = sourcecode.c.objc; path = TestProjectDispatchSource.m; sourceTree = "<group>"; };
		3447EDF2280E8EBC001AE2F0 /* TestProjectIOS.app */ = {isa = PBXFileReference; explicitFileType = wrapper.application; includeInIndex = 0; path = TestProjectIOS.app; sourceTree = BUILT_PRODUCTS_DIR; };
		3447EDF5280E8EBC001AE2F0 /* AppDelegate.h */ = {isa = PBXFileReference; lastKnownFileType = sourcecode.c.h; path = AppDelegate.h; sourceTree = "<group>"; };
		3447EDF6280E8EBC001AE2F0 /* AppDelegate.m */ = {isa = PBXFileReference; lastKnownFileType = sourcecode.c.objc; path = AppDelegate.m; sourceTree = "<group>"; };
		3447EDF8280E8EBC001AE2F0 /* SceneDelegate.h */ = {isa = PBXFileReference; lastKnownFileType = sourcecode.c.h; path = SceneDelegate.h; sourceTree = "<group>"; };
		3447EDF9280E8EBC001AE2F0 /* SceneDelegate.m */ = {isa = PBXFileReference; lastKnownFileType = sourcecode.c.objc; path = SceneDelegate.m; sourceTree = "<group>"; };
		3447EDFB280E8EBC001AE2F0 /* ViewController.h */ = {isa = PBXFileReference; lastKnownFileType = sourcecode.c.h; path = ViewController.h; sourceTree = "<group>"; };
		3447EDFC280E8EBC001AE2F0 /* ViewController.m */ = {isa = PBXFileReference; lastKnownFileType = sourcecode.c.objc; path = ViewController.m; sourceTree = "<group>"; };
		3447EDFF280E8EBC001AE2F0 /* Base */ = {isa = PBXFileReference; lastKnownFileType = file.storyboard; name = Base; path = Base.lproj/Main.storyboard; sourceTree = "<group>"; };
		3447EE01280E8EBD001AE2F0 /* Assets.xcassets */ = {isa = PBXFileReference; lastKnownFileType = folder.assetcatalog; path = Assets.xcassets; sourceTree = "<group>"; };
		3447EE04280E8EBD001AE2F0 /* Base */ = {isa = PBXFileReference; lastKnownFileType = file.storyboard; name = Base; path = Base.lproj/LaunchScreen.storyboard; sourceTree = "<group>"; };
		3447EE06280E8EBD001AE2F0 /* Info.plist */ = {isa = PBXFileReference; lastKnownFileType = text.plist.xml; path = Info.plist; sourceTree = "<group>"; };
		3447EE07280E8EBD001AE2F0 /* main.m */ = {isa = PBXFileReference; lastKnownFileType = sourcecode.c.objc; path = main.m; sourceTree = "<group>"; };
		345BA75628BF46CD00ED6C5C /* TestProjectDModel.h */ = {isa = PBXFileReference; lastKnownFileType = sourcecode.c.h; path = TestProjectDModel.h; sourceTree = "<group>"; };
		345BA75728BF46CD00ED6C5C /* TestProjectDModel.m */ = {isa = PBXFileReference; lastKnownFileType = sourcecode.c.objc; path = TestProjectDModel.m; sourceTree = "<group>"; };
		345D97E02824F43E002D0A83 /* TestProjectDispatchData.h */ = {isa = PBXFileReference; fileEncoding = 4; lastKnownFileType = sourcecode.c.h; path = TestProjectDispatchData.h; sourceTree = "<group>"; };
		345D97E12824F43E002D0A83 /* TestProjectDispatchQueue.h */ = {isa = PBXFileReference; fileEncoding = 4; lastKnownFileType = sourcecode.c.h; path = TestProjectDispatchQueue.h; sourceTree = "<group>"; };
		345D97E22824F43E002D0A83 /* TestProjectDispatchGroup.h */ = {isa = PBXFileReference; fileEncoding = 4; lastKnownFileType = sourcecode.c.h; path = TestProjectDispatchGroup.h; sourceTree = "<group>"; };
		345D97E32824F43E002D0A83 /* TestProjectDispatchObject.h */ = {isa = PBXFileReference; fileEncoding = 4; lastKnownFileType = sourcecode.c.h; path = TestProjectDispatchObject.h; sourceTree = "<group>"; };
		345D97E42824F43E002D0A83 /* TestProjectDispatchBlock.h */ = {isa = PBXFileReference; fileEncoding = 4; lastKnownFileType = sourcecode.c.h; path = TestProjectDispatchBlock.h; sourceTree = "<group>"; };
		345D97E52824F43E002D0A83 /* TestProjectDispatchIO.h */ = {isa = PBXFileReference; fileEncoding = 4; lastKnownFileType = sourcecode.c.h; path = TestProjectDispatchIO.h; sourceTree = "<group>"; };
		345D97E62824F43E002D0A83 /* TestProjectDispatchData.m */ = {isa = PBXFileReference; fileEncoding = 4; lastKnownFileType = sourcecode.c.objc; path = TestProjectDispatchData.m; sourceTree = "<group>"; };
		345D97E72824F43E002D0A83 /* TestProjectDispatchQueue.m */ = {isa = PBXFileReference; fileEncoding = 4; lastKnownFileType = sourcecode.c.objc; path = TestProjectDispatchQueue.m; sourceTree = "<group>"; };
		345D97E82824F43E002D0A83 /* TestProjectDispatchObject.m */ = {isa = PBXFileReference; fileEncoding = 4; lastKnownFileType = sourcecode.c.objc; path = TestProjectDispatchObject.m; sourceTree = "<group>"; };
		345D97E92824F43E002D0A83 /* TestProjectDispatchGroup.m */ = {isa = PBXFileReference; fileEncoding = 4; lastKnownFileType = sourcecode.c.objc; path = TestProjectDispatchGroup.m; sourceTree = "<group>"; };
		345D97EA2824F43E002D0A83 /* TestProjectDispatchIO.m */ = {isa = PBXFileReference; fileEncoding = 4; lastKnownFileType = sourcecode.c.objc; path = TestProjectDispatchIO.m; sourceTree = "<group>"; };
		345D97EB2824F43E002D0A83 /* TestProjectDispatchBlock.m */ = {isa = PBXFileReference; fileEncoding = 4; lastKnownFileType = sourcecode.c.objc; path = TestProjectDispatchBlock.m; sourceTree = "<group>"; };
		345D97EC2824F43E002D0A83 /* TestProjectUsrHeader.h */ = {isa = PBXFileReference; fileEncoding = 4; lastKnownFileType = sourcecode.c.h; path = TestProjectUsrHeader.h; sourceTree = "<group>"; };
		345D97F528250609002D0A83 /* TestProjectDispatchOnce.h */ = {isa = PBXFileReference; lastKnownFileType = sourcecode.c.h; path = TestProjectDispatchOnce.h; sourceTree = "<group>"; };
		345D97F628250609002D0A83 /* TestProjectDispatchOnce.m */ = {isa = PBXFileReference; lastKnownFileType = sourcecode.c.objc; path = TestProjectDispatchOnce.m; sourceTree = "<group>"; };
		345EC4BC286548D100F61F2E /* TestProjectCustomModel.h */ = {isa = PBXFileReference; lastKnownFileType = sourcecode.c.h; path = TestProjectCustomModel.h; sourceTree = "<group>"; };
		345EC4BD286548D100F61F2E /* TestProjectCustomModel.m */ = {isa = PBXFileReference; lastKnownFileType = sourcecode.c.objc; path = TestProjectCustomModel.m; sourceTree = "<group>"; };
		346920AA28517F5100E0F769 /* TestProjectIgnoreWarningDefmacro.h */ = {isa = PBXFileReference; lastKnownFileType = sourcecode.c.h; path = TestProjectIgnoreWarningDefmacro.h; sourceTree = "<group>"; };
		347338DA28BDB85600B921EC /* TestProjectAModel.h */ = {isa = PBXFileReference; lastKnownFileType = sourcecode.c.h; path = TestProjectAModel.h; sourceTree = "<group>"; };
		347338DB28BDB85600B921EC /* TestProjectAModel.m */ = {isa = PBXFileReference; lastKnownFileType = sourcecode.c.objc; path = TestProjectAModel.m; sourceTree = "<group>"; };
		347338DD28BDB86700B921EC /* TestProjectBModel.h */ = {isa = PBXFileReference; lastKnownFileType = sourcecode.c.h; path = TestProjectBModel.h; sourceTree = "<group>"; };
		347338DE28BDB86700B921EC /* TestProjectBModel.m */ = {isa = PBXFileReference; lastKnownFileType = sourcecode.c.objc; path = TestProjectBModel.m; sourceTree = "<group>"; };
		347338E028BDB87E00B921EC /* TestProjectCModel.h */ = {isa = PBXFileReference; lastKnownFileType = sourcecode.c.h; path = TestProjectCModel.h; sourceTree = "<group>"; };
		347338E128BDB87E00B921EC /* TestProjectCModel.m */ = {isa = PBXFileReference; lastKnownFileType = sourcecode.c.objc; path = TestProjectCModel.m; sourceTree = "<group>"; };
		3493CF0129767261008B7CA7 /* TestProjectString.h */ = {isa = PBXFileReference; lastKnownFileType = sourcecode.c.h; path = TestProjectString.h; sourceTree = "<group>"; };
		3493CF0229767261008B7CA7 /* TestProjectString.m */ = {isa = PBXFileReference; lastKnownFileType = sourcecode.c.objc; path = TestProjectString.m; sourceTree = "<group>"; };
		34947536282E396A00D4A567 /* TestProjectDispatchSemaphore.h */ = {isa = PBXFileReference; lastKnownFileType = sourcecode.c.h; path = TestProjectDispatchSemaphore.h; sourceTree = "<group>"; };
		34947537282E396A00D4A567 /* TestProjectDispatchSemaphore.m */ = {isa = PBXFileReference; lastKnownFileType = sourcecode.c.objc; path = TestProjectDispatchSemaphore.m; sourceTree = "<group>"; };
		34BB4A6C28D2BF1E00E79698 /* NSObject+TestProject.h */ = {isa = PBXFileReference; lastKnownFileType = sourcecode.c.h; path = "NSObject+TestProject.h"; sourceTree = "<group>"; };
		34BB4A6D28D2BF1E00E79698 /* NSObject+TestProject.m */ = {isa = PBXFileReference; lastKnownFileType = sourcecode.c.objc; path = "NSObject+TestProject.m"; sourceTree = "<group>"; };
		34BE0C90283F0FA80003317D /* TestProjectMath.h */ = {isa = PBXFileReference; lastKnownFileType = sourcecode.c.h; path = TestProjectMath.h; sourceTree = "<group>"; };
		34BE0C91283F0FA80003317D /* TestProjectMath.m */ = {isa = PBXFileReference; lastKnownFileType = sourcecode.c.objc; path = TestProjectMath.m; sourceTree = "<group>"; };
		34D77A3B28C19FA100A0CE9F /* TestProjectYModel.h */ = {isa = PBXFileReference; lastKnownFileType = sourcecode.c.h; path = TestProjectYModel.h; sourceTree = "<group>"; };
		34D77A3C28C19FA100A0CE9F /* TestProjectYModel.m */ = {isa = PBXFileReference; lastKnownFileType = sourcecode.c.objc; path = TestProjectYModel.m; sourceTree = "<group>"; };
		34D77A3E28C19FBB00A0CE9F /* TestProjectXModel.h */ = {isa = PBXFileReference; lastKnownFileType = sourcecode.c.h; path = TestProjectXModel.h; sourceTree = "<group>"; };
		34D77A3F28C19FBB00A0CE9F /* TestProjectXModel.m */ = {isa = PBXFileReference; lastKnownFileType = sourcecode.c.objc; path = TestProjectXModel.m; sourceTree = "<group>"; };
		34D77A4128C19FD100A0CE9F /* TestProjectZModel.h */ = {isa = PBXFileReference; lastKnownFileType = sourcecode.c.h; path = TestProjectZModel.h; sourceTree = "<group>"; };
		34D77A4228C19FD100A0CE9F /* TestProjectZModel.m */ = {isa = PBXFileReference; lastKnownFileType = sourcecode.c.objc; path = TestProjectZModel.m; sourceTree = "<group>"; };
		34D77A4428C1A1FF00A0CE9F /* TestProjectUModel.h */ = {isa = PBXFileReference; lastKnownFileType = sourcecode.c.h; path = TestProjectUModel.h; sourceTree = "<group>"; };
		34D77A4528C1A1FF00A0CE9F /* TestProjectUModel.m */ = {isa = PBXFileReference; lastKnownFileType = sourcecode.c.objc; path = TestProjectUModel.m; sourceTree = "<group>"; };
		34DDB785296C0FA3009D56B8 /* TestProjectPThread.h */ = {isa = PBXFileReference; lastKnownFileType = sourcecode.c.h; path = TestProjectPThread.h; sourceTree = "<group>"; };
		34DDB786296C0FA3009D56B8 /* TestProjectPThread.m */ = {isa = PBXFileReference; lastKnownFileType = sourcecode.c.objc; path = TestProjectPThread.m; sourceTree = "<group>"; };
		34EC4DCF28532604000AEF1E /* TestProjectObjc.h */ = {isa = PBXFileReference; lastKnownFileType = sourcecode.c.h; path = TestProjectObjc.h; sourceTree = "<group>"; };
		34EC4DD028532604000AEF1E /* TestProjectObjc.m */ = {isa = PBXFileReference; lastKnownFileType = sourcecode.c.objc; path = TestProjectObjc.m; sourceTree = "<group>"; };
		34EF82AD28571B3B0046F4C3 /* TestProjectModel.h */ = {isa = PBXFileReference; lastKnownFileType = sourcecode.c.h; path = TestProjectModel.h; sourceTree = "<group>"; };
		34EF82AE28571B3B0046F4C3 /* TestProjectModel.m */ = {isa = PBXFileReference; lastKnownFileType = sourcecode.c.objc; path = TestProjectModel.m; sourceTree = "<group>"; };
/* End PBXFileReference section */

/* Begin PBXFrameworksBuildPhase section */
		3447EDEF280E8EBC001AE2F0 /* Frameworks */ = {
			isa = PBXFrameworksBuildPhase;
			buildActionMask = 2147483647;
			files = (
			);
			runOnlyForDeploymentPostprocessing = 0;
		};
/* End PBXFrameworksBuildPhase section */

/* Begin PBXGroup section */
		3447EDE9280E8EBC001AE2F0 = {
			isa = PBXGroup;
			children = (
				3447EDF4280E8EBC001AE2F0 /* TestProjectIOS */,
				3447EDF3280E8EBC001AE2F0 /* Products */,
			);
			sourceTree = "<group>";
		};
		3447EDF3280E8EBC001AE2F0 /* Products */ = {
			isa = PBXGroup;
			children = (
				3447EDF2280E8EBC001AE2F0 /* TestProjectIOS.app */,
			);
			name = Products;
			sourceTree = "<group>";
		};
		3447EDF4280E8EBC001AE2F0 /* TestProjectIOS */ = {
			isa = PBXGroup;
			children = (
				345D97DD2824F43E002D0A83 /* src */,
				3447EDF5280E8EBC001AE2F0 /* AppDelegate.h */,
				3447EDF6280E8EBC001AE2F0 /* AppDelegate.m */,
				3447EDF8280E8EBC001AE2F0 /* SceneDelegate.h */,
				3447EDF9280E8EBC001AE2F0 /* SceneDelegate.m */,
				3447EDFB280E8EBC001AE2F0 /* ViewController.h */,
				3447EDFC280E8EBC001AE2F0 /* ViewController.m */,
				3447EDFE280E8EBC001AE2F0 /* Main.storyboard */,
				3447EE01280E8EBD001AE2F0 /* Assets.xcassets */,
				3447EE03280E8EBD001AE2F0 /* LaunchScreen.storyboard */,
				3447EE06280E8EBD001AE2F0 /* Info.plist */,
				3447EE07280E8EBD001AE2F0 /* main.m */,
			);
			path = TestProjectIOS;
			sourceTree = "<group>";
		};
		345D97DD2824F43E002D0A83 /* src */ = {
			isa = PBXGroup;
			children = (
				346920AA28517F5100E0F769 /* TestProjectIgnoreWarningDefmacro.h */,
				34EF82AC28571B260046F4C3 /* mode */,
				345D97DE2824F43E002D0A83 /* usr */,
			);
			path = src;
			sourceTree = "<group>";
		};
		345D97DE2824F43E002D0A83 /* usr */ = {
			isa = PBXGroup;
			children = (
				345D97EC2824F43E002D0A83 /* TestProjectUsrHeader.h */,
				34EC4DCE285324F6000AEF1E /* objc */,
				345D97DF2824F43E002D0A83 /* dispatch */,
				34BE0C90283F0FA80003317D /* TestProjectMath.h */,
				34BE0C91283F0FA80003317D /* TestProjectMath.m */,
				34DDB785296C0FA3009D56B8 /* TestProjectPThread.h */,
				34DDB786296C0FA3009D56B8 /* TestProjectPThread.m */,
				340E9F972975378600C1D440 /* TestProjectSignal.h */,
				340E9F982975378600C1D440 /* TestProjectSignal.m */,
				3493CF0129767261008B7CA7 /* TestProjectString.h */,
				3493CF0229767261008B7CA7 /* TestProjectString.m */,
			);
			path = usr;
			sourceTree = "<group>";
		};
		345D97DF2824F43E002D0A83 /* dispatch */ = {
			isa = PBXGroup;
			children = (
				345D97E42824F43E002D0A83 /* TestProjectDispatchBlock.h */,
				345D97EB2824F43E002D0A83 /* TestProjectDispatchBlock.m */,
				345D97E02824F43E002D0A83 /* TestProjectDispatchData.h */,
				345D97E62824F43E002D0A83 /* TestProjectDispatchData.m */,
				345D97E22824F43E002D0A83 /* TestProjectDispatchGroup.h */,
				345D97E92824F43E002D0A83 /* TestProjectDispatchGroup.m */,
				345D97E52824F43E002D0A83 /* TestProjectDispatchIO.h */,
				345D97EA2824F43E002D0A83 /* TestProjectDispatchIO.m */,
				345D97E32824F43E002D0A83 /* TestProjectDispatchObject.h */,
				345D97E82824F43E002D0A83 /* TestProjectDispatchObject.m */,
				345D97F528250609002D0A83 /* TestProjectDispatchOnce.h */,
				345D97F628250609002D0A83 /* TestProjectDispatchOnce.m */,
				345D97E12824F43E002D0A83 /* TestProjectDispatchQueue.h */,
				345D97E72824F43E002D0A83 /* TestProjectDispatchQueue.m */,
				34947536282E396A00D4A567 /* TestProjectDispatchSemaphore.h */,
				34947537282E396A00D4A567 /* TestProjectDispatchSemaphore.m */,
				3445299A2831E701003EFFA1 /* TestProjectDispatchSource.h */,
				3445299B2831E701003EFFA1 /* TestProjectDispatchSource.m */,
			);
			path = dispatch;
			sourceTree = "<group>";
		};
		34EC4DCE285324F6000AEF1E /* objc */ = {
			isa = PBXGroup;
			children = (
				34EC4DCF28532604000AEF1E /* TestProjectObjc.h */,
				34EC4DD028532604000AEF1E /* TestProjectObjc.m */,
			);
			path = objc;
			sourceTree = "<group>";
		};
		34EF82AC28571B260046F4C3 /* mode */ = {
			isa = PBXGroup;
			children = (
				34EF82AD28571B3B0046F4C3 /* TestProjectModel.h */,
				34EF82AE28571B3B0046F4C3 /* TestProjectModel.m */,
				345EC4BC286548D100F61F2E /* TestProjectCustomModel.h */,
				345EC4BD286548D100F61F2E /* TestProjectCustomModel.m */,
				345BA75628BF46CD00ED6C5C /* TestProjectDModel.h */,
				345BA75728BF46CD00ED6C5C /* TestProjectDModel.m */,
				347338DA28BDB85600B921EC /* TestProjectAModel.h */,
				347338DB28BDB85600B921EC /* TestProjectAModel.m */,
				347338DD28BDB86700B921EC /* TestProjectBModel.h */,
				347338DE28BDB86700B921EC /* TestProjectBModel.m */,
				347338E028BDB87E00B921EC /* TestProjectCModel.h */,
				347338E128BDB87E00B921EC /* TestProjectCModel.m */,
				34D77A3E28C19FBB00A0CE9F /* TestProjectXModel.h */,
				34D77A3F28C19FBB00A0CE9F /* TestProjectXModel.m */,
				34D77A3B28C19FA100A0CE9F /* TestProjectYModel.h */,
				34D77A3C28C19FA100A0CE9F /* TestProjectYModel.m */,
				34D77A4128C19FD100A0CE9F /* TestProjectZModel.h */,
				34D77A4228C19FD100A0CE9F /* TestProjectZModel.m */,
				34D77A4428C1A1FF00A0CE9F /* TestProjectUModel.h */,
				34D77A4528C1A1FF00A0CE9F /* TestProjectUModel.m */,
				34BB4A6C28D2BF1E00E79698 /* NSObject+TestProject.h */,
				34BB4A6D28D2BF1E00E79698 /* NSObject+TestProject.m */,
			);
			path = mode;
			sourceTree = "<group>";
		};
/* End PBXGroup section */

/* Begin PBXNativeTarget section */
		3447EDF1280E8EBC001AE2F0 /* TestProjectIOS */ = {
			isa = PBXNativeTarget;
			buildConfigurationList = 3447EE0B280E8EBD001AE2F0 /* Build configuration list for PBXNativeTarget "TestProjectIOS" */;
			buildPhases = (
				3447EDEE280E8EBC001AE2F0 /* Sources */,
				3447EDEF280E8EBC001AE2F0 /* Frameworks */,
				3447EDF0280E8EBC001AE2F0 /* Resources */,
			);
			buildRules = (
			);
			dependencies = (
			);
			name = TestProjectIOS;
			productName = TestProjectIOS;
			productReference = 3447EDF2280E8EBC001AE2F0 /* TestProjectIOS.app */;
			productType = "com.apple.product-type.application";
		};
/* End PBXNativeTarget section */

/* Begin PBXProject section */
		3447EDEA280E8EBC001AE2F0 /* Project object */ = {
			isa = PBXProject;
			attributes = {
				LastUpgradeCheck = 1210;
				TargetAttributes = {
					3447EDF1280E8EBC001AE2F0 = {
						CreatedOnToolsVersion = 12.1;
					};
				};
			};
			buildConfigurationList = 3447EDED280E8EBC001AE2F0 /* Build configuration list for PBXProject "TestProjectIOS" */;
			compatibilityVersion = "Xcode 9.3";
			developmentRegion = en;
			hasScannedForEncodings = 0;
			knownRegions = (
				en,
				Base,
			);
			mainGroup = 3447EDE9280E8EBC001AE2F0;
			productRefGroup = 3447EDF3280E8EBC001AE2F0 /* Products */;
			projectDirPath = "";
			projectRoot = "";
			targets = (
				3447EDF1280E8EBC001AE2F0 /* TestProjectIOS */,
			);
		};
/* End PBXProject section */

/* Begin PBXResourcesBuildPhase section */
		3447EDF0280E8EBC001AE2F0 /* Resources */ = {
			isa = PBXResourcesBuildPhase;
			buildActionMask = 2147483647;
			files = (
				3447EE05280E8EBD001AE2F0 /* LaunchScreen.storyboard in Resources */,
				3447EE02280E8EBD001AE2F0 /* Assets.xcassets in Resources */,
				3447EE00280E8EBC001AE2F0 /* Main.storyboard in Resources */,
			);
			runOnlyForDeploymentPostprocessing = 0;
		};
/* End PBXResourcesBuildPhase section */

/* Begin PBXSourcesBuildPhase section */
		3447EDEE280E8EBC001AE2F0 /* Sources */ = {
			isa = PBXSourcesBuildPhase;
			buildActionMask = 2147483647;
			files = (
				3493CF0329767261008B7CA7 /* TestProjectString.m in Sources */,
				34BB4A6E28D2BF1E00E79698 /* NSObject+TestProject.m in Sources */,
				347338DC28BDB85600B921EC /* TestProjectAModel.m in Sources */,
				347338DF28BDB86700B921EC /* TestProjectBModel.m in Sources */,
				34DDB787296C0FA3009D56B8 /* TestProjectPThread.m in Sources */,
				345BA75828BF46CD00ED6C5C /* TestProjectDModel.m in Sources */,
				34EF82AF28571B3B0046F4C3 /* TestProjectModel.m in Sources */,
				345EC4BE286548D100F61F2E /* TestProjectCustomModel.m in Sources */,
				34D77A4628C1A1FF00A0CE9F /* TestProjectUModel.m in Sources */,
				34D77A4028C19FBB00A0CE9F /* TestProjectXModel.m in Sources */,
				347338E228BDB87E00B921EC /* TestProjectCModel.m in Sources */,
				34D77A3D28C19FA100A0CE9F /* TestProjectYModel.m in Sources */,
				34D77A4328C19FD100A0CE9F /* TestProjectZModel.m in Sources */,
				3447EE08280E8EBD001AE2F0 /* main.m in Sources */,
				3447EDF7280E8EBC001AE2F0 /* AppDelegate.m in Sources */,
				34947538282E396A00D4A567 /* TestProjectDispatchSemaphore.m in Sources */,
				3447EDFD280E8EBC001AE2F0 /* ViewController.m in Sources */,
				34EC4DD128532604000AEF1E /* TestProjectObjc.m in Sources */,
				345D97F02824F43E002D0A83 /* TestProjectDispatchGroup.m in Sources */,
				345D97F728250609002D0A83 /* TestProjectDispatchOnce.m in Sources */,
				345D97EF2824F43E002D0A83 /* TestProjectDispatchObject.m in Sources */,
				3445299C2831E701003EFFA1 /* TestProjectDispatchSource.m in Sources */,
				345D97F12824F43E002D0A83 /* TestProjectDispatchIO.m in Sources */,
				3447EDFA280E8EBC001AE2F0 /* SceneDelegate.m in Sources */,
				340E9F992975378600C1D440 /* TestProjectSignal.m in Sources */,
				345D97F22824F43E002D0A83 /* TestProjectDispatchBlock.m in Sources */,
				34BE0C92283F0FA80003317D /* TestProjectMath.m in Sources */,
				345D97ED2824F43E002D0A83 /* TestProjectDispatchData.m in Sources */,
				345D97EE2824F43E002D0A83 /* TestProjectDispatchQueue.m in Sources */,
			);
			runOnlyForDeploymentPostprocessing = 0;
		};
/* End PBXSourcesBuildPhase section */

/* Begin PBXVariantGroup section */
		3447EDFE280E8EBC001AE2F0 /* Main.storyboard */ = {
			isa = PBXVariantGroup;
			children = (
				3447EDFF280E8EBC001AE2F0 /* Base */,
			);
			name = Main.storyboard;
			sourceTree = "<group>";
		};
		3447EE03280E8EBD001AE2F0 /* LaunchScreen.storyboard */ = {
			isa = PBXVariantGroup;
			children = (
				3447EE04280E8EBD001AE2F0 /* Base */,
			);
			name = LaunchScreen.storyboard;
			sourceTree = "<group>";
		};
/* End PBXVariantGroup section */

/* Begin XCBuildConfiguration section */
		3447EE09280E8EBD001AE2F0 /* Debug */ = {
			isa = XCBuildConfiguration;
			buildSettings = {
				ALWAYS_SEARCH_USER_PATHS = NO;
				CLANG_ANALYZER_NONNULL = YES;
				CLANG_ANALYZER_NUMBER_OBJECT_CONVERSION = YES_AGGRESSIVE;
				CLANG_CXX_LANGUAGE_STANDARD = "gnu++14";
				CLANG_CXX_LIBRARY = "libc++";
				CLANG_ENABLE_MODULES = YES;
				CLANG_ENABLE_OBJC_ARC = YES;
				CLANG_ENABLE_OBJC_WEAK = YES;
				CLANG_WARN_BLOCK_CAPTURE_AUTORELEASING = YES;
				CLANG_WARN_BOOL_CONVERSION = YES;
				CLANG_WARN_COMMA = YES;
				CLANG_WARN_CONSTANT_CONVERSION = YES;
				CLANG_WARN_DEPRECATED_OBJC_IMPLEMENTATIONS = YES;
				CLANG_WARN_DIRECT_OBJC_ISA_USAGE = YES_ERROR;
				CLANG_WARN_DOCUMENTATION_COMMENTS = YES;
				CLANG_WARN_EMPTY_BODY = YES;
				CLANG_WARN_ENUM_CONVERSION = YES;
				CLANG_WARN_INFINITE_RECURSION = YES;
				CLANG_WARN_INT_CONVERSION = YES;
				CLANG_WARN_NON_LITERAL_NULL_CONVERSION = YES;
				CLANG_WARN_OBJC_IMPLICIT_RETAIN_SELF = YES;
				CLANG_WARN_OBJC_LITERAL_CONVERSION = YES;
				CLANG_WARN_OBJC_ROOT_CLASS = YES_ERROR;
				CLANG_WARN_QUOTED_INCLUDE_IN_FRAMEWORK_HEADER = YES;
				CLANG_WARN_RANGE_LOOP_ANALYSIS = YES;
				CLANG_WARN_STRICT_PROTOTYPES = YES;
				CLANG_WARN_SUSPICIOUS_MOVE = YES;
				CLANG_WARN_UNGUARDED_AVAILABILITY = YES_AGGRESSIVE;
				CLANG_WARN_UNREACHABLE_CODE = YES;
				CLANG_WARN__DUPLICATE_METHOD_MATCH = YES;
				COPY_PHASE_STRIP = NO;
				DEBUG_INFORMATION_FORMAT = dwarf;
				ENABLE_STRICT_OBJC_MSGSEND = YES;
				ENABLE_TESTABILITY = YES;
				GCC_C_LANGUAGE_STANDARD = gnu11;
				GCC_DYNAMIC_NO_PIC = NO;
				GCC_NO_COMMON_BLOCKS = YES;
				GCC_OPTIMIZATION_LEVEL = 0;
				GCC_PREPROCESSOR_DEFINITIONS = (
					"DEBUG=1",
					"$(inherited)",
				);
				GCC_WARN_64_TO_32_BIT_CONVERSION = YES;
				GCC_WARN_ABOUT_RETURN_TYPE = YES_ERROR;
				GCC_WARN_UNDECLARED_SELECTOR = YES;
				GCC_WARN_UNINITIALIZED_AUTOS = YES_AGGRESSIVE;
				GCC_WARN_UNUSED_FUNCTION = YES;
				GCC_WARN_UNUSED_VARIABLE = YES;
				IPHONEOS_DEPLOYMENT_TARGET = 14.1;
				MTL_ENABLE_DEBUG_INFO = INCLUDE_SOURCE;
				MTL_FAST_MATH = YES;
				ONLY_ACTIVE_ARCH = YES;
				SDKROOT = iphoneos;
			};
			name = Debug;
		};
		3447EE0A280E8EBD001AE2F0 /* Release */ = {
			isa = XCBuildConfiguration;
			buildSettings = {
				ALWAYS_SEARCH_USER_PATHS = NO;
				CLANG_ANALYZER_NONNULL = YES;
				CLANG_ANALYZER_NUMBER_OBJECT_CONVERSION = YES_AGGRESSIVE;
				CLANG_CXX_LANGUAGE_STANDARD = "gnu++14";
				CLANG_CXX_LIBRARY = "libc++";
				CLANG_ENABLE_MODULES = YES;
				CLANG_ENABLE_OBJC_ARC = YES;
				CLANG_ENABLE_OBJC_WEAK = YES;
				CLANG_WARN_BLOCK_CAPTURE_AUTORELEASING = YES;
				CLANG_WARN_BOOL_CONVERSION = YES;
				CLANG_WARN_COMMA = YES;
				CLANG_WARN_CONSTANT_CONVERSION = YES;
				CLANG_WARN_DEPRECATED_OBJC_IMPLEMENTATIONS = YES;
				CLANG_WARN_DIRECT_OBJC_ISA_USAGE = YES_ERROR;
				CLANG_WARN_DOCUMENTATION_COMMENTS = YES;
				CLANG_WARN_EMPTY_BODY = YES;
				CLANG_WARN_ENUM_CONVERSION = YES;
				CLANG_WARN_INFINITE_RECURSION = YES;
				CLANG_WARN_INT_CONVERSION = YES;
				CLANG_WARN_NON_LITERAL_NULL_CONVERSION = YES;
				CLANG_WARN_OBJC_IMPLICIT_RETAIN_SELF = YES;
				CLANG_WARN_OBJC_LITERAL_CONVERSION = YES;
				CLANG_WARN_OBJC_ROOT_CLASS = YES_ERROR;
				CLANG_WARN_QUOTED_INCLUDE_IN_FRAMEWORK_HEADER = YES;
				CLANG_WARN_RANGE_LOOP_ANALYSIS = YES;
				CLANG_WARN_STRICT_PROTOTYPES = YES;
				CLANG_WARN_SUSPICIOUS_MOVE = YES;
				CLANG_WARN_UNGUARDED_AVAILABILITY = YES_AGGRESSIVE;
				CLANG_WARN_UNREACHABLE_CODE = YES;
				CLANG_WARN__DUPLICATE_METHOD_MATCH = YES;
				COPY_PHASE_STRIP = NO;
				DEBUG_INFORMATION_FORMAT = "dwarf-with-dsym";
				ENABLE_NS_ASSERTIONS = NO;
				ENABLE_STRICT_OBJC_MSGSEND = YES;
				GCC_C_LANGUAGE_STANDARD = gnu11;
				GCC_NO_COMMON_BLOCKS = YES;
				GCC_WARN_64_TO_32_BIT_CONVERSION = YES;
				GCC_WARN_ABOUT_RETURN_TYPE = YES_ERROR;
				GCC_WARN_UNDECLARED_SELECTOR = YES;
				GCC_WARN_UNINITIALIZED_AUTOS = YES_AGGRESSIVE;
				GCC_WARN_UNUSED_FUNCTION = YES;
				GCC_WARN_UNUSED_VARIABLE = YES;
				IPHONEOS_DEPLOYMENT_TARGET = 14.1;
				MTL_ENABLE_DEBUG_INFO = NO;
				MTL_FAST_MATH = YES;
				SDKROOT = iphoneos;
				VALIDATE_PRODUCT = YES;
			};
			name = Release;
		};
		3447EE0C280E8EBD001AE2F0 /* Debug */ = {
			isa = XCBuildConfiguration;
			buildSettings = {
				ASSETCATALOG_COMPILER_APPICON_NAME = AppIcon;
				ASSETCATALOG_COMPILER_GLOBAL_ACCENT_COLOR_NAME = AccentColor;
				CODE_SIGN_STYLE = Automatic;
				DEVELOPMENT_TEAM = 24K5X4MBC6;
				INFOPLIST_FILE = TestProjectIOS/Info.plist;
				IPHONEOS_DEPLOYMENT_TARGET = 11.0;
				LD_RUNPATH_SEARCH_PATHS = (
					"$(inherited)",
					"@executable_path/Frameworks",
				);
				PRODUCT_BUNDLE_IDENTIFIER = com.work.TestProjectIOS;
				PRODUCT_NAME = "$(TARGET_NAME)";
				TARGETED_DEVICE_FAMILY = "1,2";
			};
			name = Debug;
		};
		3447EE0D280E8EBD001AE2F0 /* Release */ = {
			isa = XCBuildConfiguration;
			buildSettings = {
				ASSETCATALOG_COMPILER_APPICON_NAME = AppIcon;
				ASSETCATALOG_COMPILER_GLOBAL_ACCENT_COLOR_NAME = AccentColor;
				CODE_SIGN_STYLE = Automatic;
				DEVELOPMENT_TEAM = 24K5X4MBC6;
				INFOPLIST_FILE = TestProjectIOS/Info.plist;
				IPHONEOS_DEPLOYMENT_TARGET = 11.0;
				LD_RUNPATH_SEARCH_PATHS = (
					"$(inherited)",
					"@executable_path/Frameworks",
				);
				PRODUCT_BUNDLE_IDENTIFIER = com.work.TestProjectIOS;
				PRODUCT_NAME = "$(TARGET_NAME)";
				TARGETED_DEVICE_FAMILY = "1,2";
			};
			name = Release;
		};
/* End XCBuildConfiguration section */

/* Begin XCConfigurationList section */
		3447EDED280E8EBC001AE2F0 /* Build configuration list for PBXProject "TestProjectIOS" */ = {
			isa = XCConfigurationList;
			buildConfigurations = (
				3447EE09280E8EBD001AE2F0 /* Debug */,
				3447EE0A280E8EBD001AE2F0 /* Release */,
			);
			defaultConfigurationIsVisible = 0;
			defaultConfigurationName = Release;
		};
		3447EE0B280E8EBD001AE2F0 /* Build configuration list for PBXNativeTarget "TestProjectIOS" */ = {
			isa = XCConfigurationList;
			buildConfigurations = (
				3447EE0C280E8EBD001AE2F0 /* Debug */,
				3447EE0D280E8EBD001AE2F0 /* Release */,
			);
			defaultConfigurationIsVisible = 0;
			defaultConfigurationName = Release;
		};
/* End XCConfigurationList section */
	};
	rootObject = 3447EDEA280E8EBC001AE2F0 /* Project object */;
}
